
Microsoft Visual Studio Solution File, Format Version 12.00
# Visual Studio Version 17
VisualStudioVersion = 17.8.34511.84
MinimumVisualStudioVersion = 10.0.40219.1
Project("{FAE04EC0-301F-11D3-BF4B-00C04F79EFBC}") = "Problema_Sequencia_Fibonacci", "Problema_Sequencia_Fibonacci\Problema_Sequencia_Fibonacci.csproj", "{696093F0-BDB8-4820-A570-7C29E8BC975E}"
EndProject
Global
	GlobalSection(SolutionConfigurationPlatforms) = preSolution
		Debug|Any CPU = Debug|Any CPU
		Release|Any CPU = Release|Any CPU
	EndGlobalSection
	GlobalSection(ProjectConfigurationPlatforms) = postSolution
		{696093F0-BDB8-4820-A570-7C29E8BC975E}.Debug|Any CPU.ActiveCfg = Debug|Any CPU
		{696093F0-BDB8-4820-A570-7C29E8BC975E}.Debug|Any CPU.Build.0 = Debug|Any CPU
		{696093F0-BDB8-4820-A570-7C29E8BC975E}.Release|Any CPU.ActiveCfg = Release|Any CPU
		{696093F0-BDB8-4820-A570-7C29E8BC975E}.Release|Any CPU.Build.0 = Release|Any CPU
	EndGlobalSection
	GlobalSection(SolutionProperties) = preSolution
		HideSolutionNode = FALSE
	EndGlobalSection
	GlobalSection(ExtensibilityGlobals) = postSolution
		SolutionGuid = {BC234EE7-253B-40D9-B9AC-25C29DD4374A}
	EndGlobalSection
EndGlobal
